{
  "name": "rendergpt",
  "version": "0.0.1",
  "lockfileVersion": 2,
  "requires": true,
  "packages": {
    "": {
      "name": "rendergpt",
      "version": "0.0.1",
      "dependencies": {
        "create-react-class": "^15.7.0",
        "react": "^18.2.0",
        "react-dom": "^18.2.0",
        "react-highlight": "^0.15.0",
        "react-multi-select-component": "^4.3.4"
      },
      "devDependencies": {
        "shadow-cljs": "2.21.0"
      }
    },
    "node_modules/asn1.js": {
      "version": "5.4.1",
      "dev": true,
      "license": "MIT",
      "dependencies": {
        "bn.js": "^4.0.0",
        "inherits": "^2.0.1",
        "minimalistic-assert": "^1.0.0",
        "safer-buffer": "^2.1.0"
      }
    },
    "node_modules/asn1.js/node_modules/bn.js": {
      "version": "4.12.0",
      "dev": true,
      "license": "MIT"
    },
    "node_modules/assert": {
      "version": "1.5.0",
      "dev": true,
      "license": "MIT",
      "dependencies": {
        "object-assign": "^4.1.1",
        "util": "0.10.3"
      }
    },
    "node_modules/assert/node_modules/util": {
      "version": "0.10.3",
      "dev": true,
      "license": "MIT",
      "dependencies": {
        "inherits": "2.0.1"
      }
    },
    "node_modules/base64-js": {
      "version": "1.5.1",
      "dev": true,
      "funding": [
        {
          "type": "github",
          "url": "https://github.com/sponsors/feross"
        },
        {
          "type": "patreon",
          "url": "https://www.patreon.com/feross"
        },
        {
          "type": "consulting",
          "url": "https://feross.org/support"
        }
      ],
      "license": "MIT"
    },
    "node_modules/bn.js": {
      "version": "5.2.1",
      "dev": true,
      "license": "MIT"
    },
    "node_modules/brorand": {
      "version": "1.1.0",
      "dev": true,
      "license": "MIT"
    },
    "node_modules/browserify-aes": {
      "version": "1.2.0",
      "dev": true,
      "license": "MIT",
      "dependencies": {
        "buffer-xor": "^1.0.3",
        "cipher-base": "^1.0.0",
        "create-hash": "^1.1.0",
        "evp_bytestokey": "^1.0.3",
        "inherits": "^2.0.1",
        "safe-buffer": "^5.0.1"
      }
    },
    "node_modules/browserify-cipher": {
      "version": "1.0.1",
      "dev": true,
      "license": "MIT",
      "dependencies": {
        "browserify-aes": "^1.0.4",
        "browserify-des": "^1.0.0",
        "evp_bytestokey": "^1.0.0"
      }
    },
    "node_modules/browserify-des": {
      "version": "1.0.2",
      "dev": true,
      "license": "MIT",
      "dependencies": {
        "cipher-base": "^1.0.1",
        "des.js": "^1.0.0",
        "inherits": "^2.0.1",
        "safe-buffer": "^5.1.2"
      }
    },
    "node_modules/browserify-rsa": {
      "version": "4.1.0",
      "dev": true,
      "license": "MIT",
      "dependencies": {
        "bn.js": "^5.0.0",
        "randombytes": "^2.0.1"
      }
    },
    "node_modules/browserify-sign": {
      "version": "4.2.1",
      "dev": true,
      "license": "ISC",
      "dependencies": {
        "bn.js": "^5.1.1",
        "browserify-rsa": "^4.0.1",
        "create-hash": "^1.2.0",
        "create-hmac": "^1.1.7",
        "elliptic": "^6.5.3",
        "inherits": "^2.0.4",
        "parse-asn1": "^5.1.5",
        "readable-stream": "^3.6.0",
        "safe-buffer": "^5.2.0"
      }
    },
    "node_modules/browserify-sign/node_modules/inherits": {
      "version": "2.0.4",
      "dev": true,
      "license": "ISC"
    },
    "node_modules/browserify-sign/node_modules/readable-stream": {
      "version": "3.6.1",
      "dev": true,
      "license": "MIT",
      "dependencies": {
        "inherits": "^2.0.3",
        "string_decoder": "^1.1.1",
        "util-deprecate": "^1.0.1"
      },
      "engines": {
        "node": ">= 6"
      }
    },
    "node_modules/browserify-zlib": {
      "version": "0.2.0",
      "dev": true,
      "license": "MIT",
      "dependencies": {
        "pako": "~1.0.5"
      }
    },
    "node_modules/buffer": {
      "version": "4.9.2",
      "dev": true,
      "license": "MIT",
      "dependencies": {
        "base64-js": "^1.0.2",
        "ieee754": "^1.1.4",
        "isarray": "^1.0.0"
      }
    },
    "node_modules/buffer-xor": {
      "version": "1.0.3",
      "dev": true,
      "license": "MIT"
    },
    "node_modules/builtin-status-codes": {
      "version": "3.0.0",
      "dev": true,
      "license": "MIT"
    },
    "node_modules/cipher-base": {
      "version": "1.0.4",
      "dev": true,
      "license": "MIT",
      "dependencies": {
        "inherits": "^2.0.1",
        "safe-buffer": "^5.0.1"
      }
    },
    "node_modules/console-browserify": {
      "version": "1.2.0",
      "dev": true
    },
    "node_modules/constants-browserify": {
      "version": "1.0.0",
      "dev": true,
      "license": "MIT"
    },
    "node_modules/core-util-is": {
      "version": "1.0.3",
      "dev": true,
      "license": "MIT"
    },
    "node_modules/create-ecdh": {
      "version": "4.0.4",
      "dev": true,
      "license": "MIT",
      "dependencies": {
        "bn.js": "^4.1.0",
        "elliptic": "^6.5.3"
      }
    },
    "node_modules/create-ecdh/node_modules/bn.js": {
      "version": "4.12.0",
      "dev": true,
      "license": "MIT"
    },
    "node_modules/create-hash": {
      "version": "1.2.0",
      "dev": true,
      "license": "MIT",
      "dependencies": {
        "cipher-base": "^1.0.1",
        "inherits": "^2.0.1",
        "md5.js": "^1.3.4",
        "ripemd160": "^2.0.1",
        "sha.js": "^2.4.0"
      }
    },
    "node_modules/create-hmac": {
      "version": "1.1.7",
      "dev": true,
      "license": "MIT",
      "dependencies": {
        "cipher-base": "^1.0.3",
        "create-hash": "^1.1.0",
        "inherits": "^2.0.1",
        "ripemd160": "^2.0.0",
        "safe-buffer": "^5.0.1",
        "sha.js": "^2.4.8"
      }
    },
    "node_modules/create-react-class": {
      "version": "15.7.0",
      "license": "MIT",
      "dependencies": {
        "loose-envify": "^1.3.1",
        "object-assign": "^4.1.1"
      }
    },
    "node_modules/crypto-browserify": {
      "version": "3.12.0",
      "dev": true,
      "license": "MIT",
      "dependencies": {
        "browserify-cipher": "^1.0.0",
        "browserify-sign": "^4.0.0",
        "create-ecdh": "^4.0.0",
        "create-hash": "^1.1.0",
        "create-hmac": "^1.1.0",
        "diffie-hellman": "^5.0.0",
        "inherits": "^2.0.1",
        "pbkdf2": "^3.0.3",
        "public-encrypt": "^4.0.0",
        "randombytes": "^2.0.0",
        "randomfill": "^1.0.3"
      },
      "engines": {
        "node": "*"
      }
    },
    "node_modules/des.js": {
      "version": "1.0.1",
      "dev": true,
      "license": "MIT",
      "dependencies": {
        "inherits": "^2.0.1",
        "minimalistic-assert": "^1.0.0"
      }
    },
    "node_modules/diffie-hellman": {
      "version": "5.0.3",
      "dev": true,
      "license": "MIT",
      "dependencies": {
        "bn.js": "^4.1.0",
        "miller-rabin": "^4.0.0",
        "randombytes": "^2.0.0"
      }
    },
    "node_modules/diffie-hellman/node_modules/bn.js": {
      "version": "4.12.0",
      "dev": true,
      "license": "MIT"
    },
    "node_modules/domain-browser": {
      "version": "1.2.0",
      "dev": true,
      "license": "MIT",
      "engines": {
        "node": ">=0.4",
        "npm": ">=1.2"
      }
    },
    "node_modules/elliptic": {
      "version": "6.5.4",
      "dev": true,
      "license": "MIT",
      "dependencies": {
        "bn.js": "^4.11.9",
        "brorand": "^1.1.0",
        "hash.js": "^1.0.0",
        "hmac-drbg": "^1.0.1",
        "inherits": "^2.0.4",
        "minimalistic-assert": "^1.0.1",
        "minimalistic-crypto-utils": "^1.0.1"
      }
    },
    "node_modules/elliptic/node_modules/bn.js": {
      "version": "4.12.0",
      "dev": true,
      "license": "MIT"
    },
    "node_modules/elliptic/node_modules/inherits": {
      "version": "2.0.4",
      "dev": true,
      "license": "ISC"
    },
    "node_modules/events": {
      "version": "3.3.0",
      "dev": true,
      "license": "MIT",
      "engines": {
        "node": ">=0.8.x"
      }
    },
    "node_modules/evp_bytestokey": {
      "version": "1.0.3",
      "dev": true,
      "license": "MIT",
      "dependencies": {
        "md5.js": "^1.3.4",
        "safe-buffer": "^5.1.1"
      }
    },
    "node_modules/hash-base": {
      "version": "3.1.0",
      "dev": true,
      "license": "MIT",
      "dependencies": {
        "inherits": "^2.0.4",
        "readable-stream": "^3.6.0",
        "safe-buffer": "^5.2.0"
      },
      "engines": {
        "node": ">=4"
      }
    },
    "node_modules/hash-base/node_modules/inherits": {
      "version": "2.0.4",
      "dev": true,
      "license": "ISC"
    },
    "node_modules/hash-base/node_modules/readable-stream": {
      "version": "3.6.1",
      "dev": true,
      "license": "MIT",
      "dependencies": {
        "inherits": "^2.0.3",
        "string_decoder": "^1.1.1",
        "util-deprecate": "^1.0.1"
      },
      "engines": {
        "node": ">= 6"
      }
    },
    "node_modules/hash.js": {
      "version": "1.1.7",
      "dev": true,
      "license": "MIT",
      "dependencies": {
        "inherits": "^2.0.3",
        "minimalistic-assert": "^1.0.1"
      }
    },
    "node_modules/hash.js/node_modules/inherits": {
      "version": "2.0.4",
      "dev": true,
      "license": "ISC"
    },
    "node_modules/highlight.js": {
      "version": "10.7.3",
      "resolved": "https://registry.npmjs.org/highlight.js/-/highlight.js-10.7.3.tgz",
      "integrity": "sha512-tzcUFauisWKNHaRkN4Wjl/ZA07gENAjFl3J/c480dprkGTg5EQstgaNFqBfUqCq54kZRIEcreTsAgF/m2quD7A==",
      "engines": {
        "node": "*"
      }
    },
    "node_modules/hmac-drbg": {
      "version": "1.0.1",
      "dev": true,
      "license": "MIT",
      "dependencies": {
        "hash.js": "^1.0.3",
        "minimalistic-assert": "^1.0.0",
        "minimalistic-crypto-utils": "^1.0.1"
      }
    },
    "node_modules/https-browserify": {
      "version": "1.0.0",
      "dev": true,
      "license": "MIT"
    },
    "node_modules/ieee754": {
      "version": "1.2.1",
      "dev": true,
      "funding": [
        {
          "type": "github",
          "url": "https://github.com/sponsors/feross"
        },
        {
          "type": "patreon",
          "url": "https://www.patreon.com/feross"
        },
        {
          "type": "consulting",
          "url": "https://feross.org/support"
        }
      ],
      "license": "BSD-3-Clause"
    },
    "node_modules/inherits": {
      "version": "2.0.1",
      "dev": true,
      "license": "ISC"
    },
    "node_modules/isarray": {
      "version": "1.0.0",
      "dev": true,
      "license": "MIT"
    },
    "node_modules/isexe": {
      "version": "2.0.0",
      "dev": true,
      "license": "ISC"
    },
    "node_modules/js-tokens": {
      "version": "4.0.0",
      "license": "MIT"
    },
    "node_modules/loose-envify": {
      "version": "1.4.0",
      "license": "MIT",
      "dependencies": {
        "js-tokens": "^3.0.0 || ^4.0.0"
      },
      "bin": {
        "loose-envify": "cli.js"
      }
    },
    "node_modules/md5.js": {
      "version": "1.3.5",
      "dev": true,
      "license": "MIT",
      "dependencies": {
        "hash-base": "^3.0.0",
        "inherits": "^2.0.1",
        "safe-buffer": "^5.1.2"
      }
    },
    "node_modules/miller-rabin": {
      "version": "4.0.1",
      "dev": true,
      "license": "MIT",
      "dependencies": {
        "bn.js": "^4.0.0",
        "brorand": "^1.0.1"
      },
      "bin": {
        "miller-rabin": "bin/miller-rabin"
      }
    },
    "node_modules/miller-rabin/node_modules/bn.js": {
      "version": "4.12.0",
      "dev": true,
      "license": "MIT"
    },
    "node_modules/minimalistic-assert": {
      "version": "1.0.1",
      "dev": true,
      "license": "ISC"
    },
    "node_modules/minimalistic-crypto-utils": {
      "version": "1.0.1",
      "dev": true,
      "license": "MIT"
    },
    "node_modules/node-libs-browser": {
      "version": "2.2.1",
      "dev": true,
      "license": "MIT",
      "dependencies": {
        "assert": "^1.1.1",
        "browserify-zlib": "^0.2.0",
        "buffer": "^4.3.0",
        "console-browserify": "^1.1.0",
        "constants-browserify": "^1.0.0",
        "crypto-browserify": "^3.11.0",
        "domain-browser": "^1.1.1",
        "events": "^3.0.0",
        "https-browserify": "^1.0.0",
        "os-browserify": "^0.3.0",
        "path-browserify": "0.0.1",
        "process": "^0.11.10",
        "punycode": "^1.2.4",
        "querystring-es3": "^0.2.0",
        "readable-stream": "^2.3.3",
        "stream-browserify": "^2.0.1",
        "stream-http": "^2.7.2",
        "string_decoder": "^1.0.0",
        "timers-browserify": "^2.0.4",
        "tty-browserify": "0.0.0",
        "url": "^0.11.0",
        "util": "^0.11.0",
        "vm-browserify": "^1.0.1"
      }
    },
    "node_modules/object-assign": {
      "version": "4.1.1",
      "license": "MIT",
      "engines": {
        "node": ">=0.10.0"
      }
    },
    "node_modules/os-browserify": {
      "version": "0.3.0",
      "dev": true,
      "license": "MIT"
    },
    "node_modules/pako": {
      "version": "1.0.11",
      "dev": true,
      "license": "(MIT AND Zlib)"
    },
    "node_modules/parse-asn1": {
      "version": "5.1.6",
      "dev": true,
      "license": "ISC",
      "dependencies": {
        "asn1.js": "^5.2.0",
        "browserify-aes": "^1.0.0",
        "evp_bytestokey": "^1.0.0",
        "pbkdf2": "^3.0.3",
        "safe-buffer": "^5.1.1"
      }
    },
    "node_modules/path-browserify": {
      "version": "0.0.1",
      "dev": true,
      "license": "MIT"
    },
    "node_modules/pbkdf2": {
      "version": "3.1.2",
      "dev": true,
      "license": "MIT",
      "dependencies": {
        "create-hash": "^1.1.2",
        "create-hmac": "^1.1.4",
        "ripemd160": "^2.0.1",
        "safe-buffer": "^5.0.1",
        "sha.js": "^2.4.8"
      },
      "engines": {
        "node": ">=0.12"
      }
    },
    "node_modules/process": {
      "version": "0.11.10",
      "dev": true,
      "license": "MIT",
      "engines": {
        "node": ">= 0.6.0"
      }
    },
    "node_modules/process-nextick-args": {
      "version": "2.0.1",
      "dev": true,
      "license": "MIT"
    },
    "node_modules/public-encrypt": {
      "version": "4.0.3",
      "dev": true,
      "license": "MIT",
      "dependencies": {
        "bn.js": "^4.1.0",
        "browserify-rsa": "^4.0.0",
        "create-hash": "^1.1.0",
        "parse-asn1": "^5.0.0",
        "randombytes": "^2.0.1",
        "safe-buffer": "^5.1.2"
      }
    },
    "node_modules/public-encrypt/node_modules/bn.js": {
      "version": "4.12.0",
      "dev": true,
      "license": "MIT"
    },
    "node_modules/punycode": {
      "version": "1.4.1",
      "dev": true,
      "license": "MIT"
    },
    "node_modules/querystring": {
      "version": "0.2.0",
      "deprecated": "The querystring API is considered Legacy. new code should use the URLSearchParams API instead.",
      "dev": true,
      "engines": {
        "node": ">=0.4.x"
      }
    },
    "node_modules/querystring-es3": {
      "version": "0.2.1",
      "dev": true,
      "engines": {
        "node": ">=0.4.x"
      }
    },
    "node_modules/randombytes": {
      "version": "2.1.0",
      "dev": true,
      "license": "MIT",
      "dependencies": {
        "safe-buffer": "^5.1.0"
      }
    },
    "node_modules/randomfill": {
      "version": "1.0.4",
      "dev": true,
      "license": "MIT",
      "dependencies": {
        "randombytes": "^2.0.5",
        "safe-buffer": "^5.1.0"
      }
    },
    "node_modules/react": {
      "version": "18.2.0",
      "license": "MIT",
      "dependencies": {
        "loose-envify": "^1.1.0"
      },
      "engines": {
        "node": ">=0.10.0"
      }
    },
    "node_modules/react-dom": {
      "version": "18.2.0",
      "license": "MIT",
      "dependencies": {
        "loose-envify": "^1.1.0",
        "scheduler": "^0.23.0"
      },
      "peerDependencies": {
        "react": "^18.2.0"
      }
    },
    "node_modules/react-highlight": {
      "version": "0.15.0",
      "resolved": "https://registry.npmjs.org/react-highlight/-/react-highlight-0.15.0.tgz",
      "integrity": "sha512-5uV/b/N4Z421GSVVe05fz+OfTsJtFzx/fJBdafZyw4LS70XjIZwgEx3Lrkfc01W/RzZ2Dtfb0DApoaJFAIKBtA==",
      "dependencies": {
        "highlight.js": "^10.5.0"
      }
    },
    "node_modules/react-multi-select-component": {
      "version": "4.3.4",
      "resolved": "https://registry.npmjs.org/react-multi-select-component/-/react-multi-select-component-4.3.4.tgz",
      "integrity": "sha512-Ui/bzCbROF4WfKq3OKWyQJHmy/bd1mW7CQM+L83TfiltuVvHElhKEyPM3JzO9urIcWplBUKv+kyxqmEnd9jPcA==",
      "peerDependencies": {
        "react": "^16 || ^17 || ^18",
        "react-dom": "^16 || ^17 || ^18"
      }
    },
    "node_modules/readable-stream": {
      "version": "2.3.8",
      "dev": true,
      "license": "MIT",
      "dependencies": {
        "core-util-is": "~1.0.0",
        "inherits": "~2.0.3",
        "isarray": "~1.0.0",
        "process-nextick-args": "~2.0.0",
        "safe-buffer": "~5.1.1",
        "string_decoder": "~1.1.1",
        "util-deprecate": "~1.0.1"
      }
    },
    "node_modules/readable-stream/node_modules/inherits": {
      "version": "2.0.4",
      "dev": true,
      "license": "ISC"
    },
    "node_modules/readable-stream/node_modules/safe-buffer": {
      "version": "5.1.2",
      "dev": true,
      "license": "MIT"
    },
    "node_modules/readable-stream/node_modules/string_decoder": {
      "version": "1.1.1",
      "dev": true,
      "license": "MIT",
      "dependencies": {
        "safe-buffer": "~5.1.0"
      }
    },
    "node_modules/readline-sync": {
      "version": "1.4.10",
      "dev": true,
      "license": "MIT",
      "engines": {
        "node": ">= 0.8.0"
      }
    },
    "node_modules/ripemd160": {
      "version": "2.0.2",
      "dev": true,
      "license": "MIT",
      "dependencies": {
        "hash-base": "^3.0.0",
        "inherits": "^2.0.1"
      }
    },
    "node_modules/safe-buffer": {
      "version": "5.2.1",
      "dev": true,
      "funding": [
        {
          "type": "github",
          "url": "https://github.com/sponsors/feross"
        },
        {
          "type": "patreon",
          "url": "https://www.patreon.com/feross"
        },
        {
          "type": "consulting",
          "url": "https://feross.org/support"
        }
      ],
      "license": "MIT"
    },
    "node_modules/safer-buffer": {
      "version": "2.1.2",
      "dev": true,
      "license": "MIT"
    },
    "node_modules/scheduler": {
      "version": "0.23.0",
      "license": "MIT",
      "dependencies": {
        "loose-envify": "^1.1.0"
      }
    },
    "node_modules/setimmediate": {
      "version": "1.0.5",
      "dev": true,
      "license": "MIT"
    },
    "node_modules/sha.js": {
      "version": "2.4.11",
      "dev": true,
      "license": "(MIT AND BSD-3-Clause)",
      "dependencies": {
        "inherits": "^2.0.1",
        "safe-buffer": "^5.0.1"
      },
      "bin": {
        "sha.js": "bin.js"
      }
    },
    "node_modules/shadow-cljs": {
      "version": "2.21.0",
      "dev": true,
      "license": "ISC",
      "dependencies": {
        "node-libs-browser": "^2.2.1",
        "readline-sync": "^1.4.7",
        "shadow-cljs-jar": "1.3.4",
        "source-map-support": "^0.4.15",
        "which": "^1.3.1",
        "ws": "^7.4.6"
      },
      "bin": {
        "shadow-cljs": "cli/runner.js"
      },
      "engines": {
        "node": ">=6.0.0"
      }
    },
    "node_modules/shadow-cljs-jar": {
      "version": "1.3.4",
      "dev": true,
      "license": "ISC"
    },
    "node_modules/source-map": {
      "version": "0.5.7",
      "dev": true,
      "license": "BSD-3-Clause",
      "engines": {
        "node": ">=0.10.0"
      }
    },
    "node_modules/source-map-support": {
      "version": "0.4.18",
      "dev": true,
      "license": "MIT",
      "dependencies": {
        "source-map": "^0.5.6"
      }
    },
    "node_modules/stream-browserify": {
      "version": "2.0.2",
      "dev": true,
      "license": "MIT",
      "dependencies": {
        "inherits": "~2.0.1",
        "readable-stream": "^2.0.2"
      }
    },
    "node_modules/stream-http": {
      "version": "2.8.3",
      "dev": true,
      "license": "MIT",
      "dependencies": {
        "builtin-status-codes": "^3.0.0",
        "inherits": "^2.0.1",
        "readable-stream": "^2.3.6",
        "to-arraybuffer": "^1.0.0",
        "xtend": "^4.0.0"
      }
    },
    "node_modules/string_decoder": {
      "version": "1.3.0",
      "dev": true,
      "license": "MIT",
      "dependencies": {
        "safe-buffer": "~5.2.0"
      }
    },
    "node_modules/timers-browserify": {
      "version": "2.0.12",
      "dev": true,
      "license": "MIT",
      "dependencies": {
        "setimmediate": "^1.0.4"
      },
      "engines": {
        "node": ">=0.6.0"
      }
    },
    "node_modules/to-arraybuffer": {
      "version": "1.0.1",
      "dev": true,
      "license": "MIT"
    },
    "node_modules/tty-browserify": {
      "version": "0.0.0",
      "dev": true,
      "license": "MIT"
    },
    "node_modules/url": {
      "version": "0.11.0",
      "dev": true,
      "license": "MIT",
      "dependencies": {
        "punycode": "1.3.2",
        "querystring": "0.2.0"
      }
    },
    "node_modules/url/node_modules/punycode": {
      "version": "1.3.2",
      "dev": true,
      "license": "MIT"
    },
    "node_modules/util": {
      "version": "0.11.1",
      "dev": true,
      "license": "MIT",
      "dependencies": {
        "inherits": "2.0.3"
      }
    },
    "node_modules/util-deprecate": {
      "version": "1.0.2",
      "dev": true,
      "license": "MIT"
    },
    "node_modules/util/node_modules/inherits": {
      "version": "2.0.3",
      "dev": true,
      "license": "ISC"
    },
    "node_modules/vm-browserify": {
      "version": "1.1.2",
      "dev": true,
      "license": "MIT"
    },
    "node_modules/which": {
      "version": "1.3.1",
      "dev": true,
      "license": "ISC",
      "dependencies": {
        "isexe": "^2.0.0"
      },
      "bin": {
        "which": "bin/which"
      }
    },
    "node_modules/ws": {
      "version": "7.5.9",
      "dev": true,
      "license": "MIT",
      "engines": {
        "node": ">=8.3.0"
      },
      "peerDependencies": {
        "bufferutil": "^4.0.1",
        "utf-8-validate": "^5.0.2"
      },
      "peerDependenciesMeta": {
        "bufferutil": {
          "optional": true
        },
        "utf-8-validate": {
          "optional": true
        }
      }
    },
    "node_modules/xtend": {
      "version": "4.0.2",
      "dev": true,
      "license": "MIT",
      "engines": {
        "node": ">=0.4"
      }
    }
  },
  "dependencies": {
    "asn1.js": {
      "version": "5.4.1",
      "dev": true,
      "requires": {
        "bn.js": "^4.0.0",
        "inherits": "^2.0.1",
        "minimalistic-assert": "^1.0.0",
        "safer-buffer": "^2.1.0"
      },
      "dependencies": {
        "bn.js": {
          "version": "4.12.0",
          "dev": true
        }
      }
    },
    "assert": {
      "version": "1.5.0",
      "dev": true,
      "requires": {
        "object-assign": "^4.1.1",
        "util": "0.10.3"
      },
      "dependencies": {
        "util": {
          "version": "0.10.3",
          "dev": true,
          "requires": {
            "inherits": "2.0.1"
          }
        }
      }
    },
    "base64-js": {
      "version": "1.5.1",
      "dev": true
    },
    "bn.js": {
      "version": "5.2.1",
      "dev": true
    },
    "brorand": {
      "version": "1.1.0",
      "dev": true
    },
    "browserify-aes": {
      "version": "1.2.0",
      "dev": true,
      "requires": {
        "buffer-xor": "^1.0.3",
        "cipher-base": "^1.0.0",
        "create-hash": "^1.1.0",
        "evp_bytestokey": "^1.0.3",
        "inherits": "^2.0.1",
        "safe-buffer": "^5.0.1"
      }
    },
    "browserify-cipher": {
      "version": "1.0.1",
      "dev": true,
      "requires": {
        "browserify-aes": "^1.0.4",
        "browserify-des": "^1.0.0",
        "evp_bytestokey": "^1.0.0"
      }
    },
    "browserify-des": {
      "version": "1.0.2",
      "dev": true,
      "requires": {
        "cipher-base": "^1.0.1",
        "des.js": "^1.0.0",
        "inherits": "^2.0.1",
        "safe-buffer": "^5.1.2"
      }
    },
    "browserify-rsa": {
      "version": "4.1.0",
      "dev": true,
      "requires": {
        "bn.js": "^5.0.0",
        "randombytes": "^2.0.1"
      }
    },
    "browserify-sign": {
      "version": "4.2.1",
      "dev": true,
      "requires": {
        "bn.js": "^5.1.1",
        "browserify-rsa": "^4.0.1",
        "create-hash": "^1.2.0",
        "create-hmac": "^1.1.7",
        "elliptic": "^6.5.3",
        "inherits": "^2.0.4",
        "parse-asn1": "^5.1.5",
        "readable-stream": "^3.6.0",
        "safe-buffer": "^5.2.0"
      },
      "dependencies": {
        "inherits": {
          "version": "2.0.4",
          "dev": true
        },
        "readable-stream": {
          "version": "3.6.1",
          "dev": true,
          "requires": {
            "inherits": "^2.0.3",
            "string_decoder": "^1.1.1",
            "util-deprecate": "^1.0.1"
          }
        }
      }
    },
    "browserify-zlib": {
      "version": "0.2.0",
      "dev": true,
      "requires": {
        "pako": "~1.0.5"
      }
    },
    "buffer": {
      "version": "4.9.2",
      "dev": true,
      "requires": {
        "base64-js": "^1.0.2",
        "ieee754": "^1.1.4",
        "isarray": "^1.0.0"
      }
    },
    "buffer-xor": {
      "version": "1.0.3",
      "dev": true
    },
    "builtin-status-codes": {
      "version": "3.0.0",
      "dev": true
    },
    "cipher-base": {
      "version": "1.0.4",
      "dev": true,
      "requires": {
        "inherits": "^2.0.1",
        "safe-buffer": "^5.0.1"
      }
    },
    "console-browserify": {
      "version": "1.2.0",
      "dev": true
    },
    "constants-browserify": {
      "version": "1.0.0",
      "dev": true
    },
    "core-util-is": {
      "version": "1.0.3",
      "dev": true
    },
    "create-ecdh": {
      "version": "4.0.4",
      "dev": true,
      "requires": {
        "bn.js": "^4.1.0",
        "elliptic": "^6.5.3"
      },
      "dependencies": {
        "bn.js": {
          "version": "4.12.0",
          "dev": true
        }
      }
    },
    "create-hash": {
      "version": "1.2.0",
      "dev": true,
      "requires": {
        "cipher-base": "^1.0.1",
        "inherits": "^2.0.1",
        "md5.js": "^1.3.4",
        "ripemd160": "^2.0.1",
        "sha.js": "^2.4.0"
      }
    },
    "create-hmac": {
      "version": "1.1.7",
      "dev": true,
      "requires": {
        "cipher-base": "^1.0.3",
        "create-hash": "^1.1.0",
        "inherits": "^2.0.1",
        "ripemd160": "^2.0.0",
        "safe-buffer": "^5.0.1",
        "sha.js": "^2.4.8"
      }
    },
    "create-react-class": {
      "version": "15.7.0",
      "requires": {
        "loose-envify": "^1.3.1",
        "object-assign": "^4.1.1"
      }
    },
    "crypto-browserify": {
      "version": "3.12.0",
      "dev": true,
      "requires": {
        "browserify-cipher": "^1.0.0",
        "browserify-sign": "^4.0.0",
        "create-ecdh": "^4.0.0",
        "create-hash": "^1.1.0",
        "create-hmac": "^1.1.0",
        "diffie-hellman": "^5.0.0",
        "inherits": "^2.0.1",
        "pbkdf2": "^3.0.3",
        "public-encrypt": "^4.0.0",
        "randombytes": "^2.0.0",
        "randomfill": "^1.0.3"
      }
    },
    "des.js": {
      "version": "1.0.1",
      "dev": true,
      "requires": {
        "inherits": "^2.0.1",
        "minimalistic-assert": "^1.0.0"
      }
    },
    "diffie-hellman": {
      "version": "5.0.3",
      "dev": true,
      "requires": {
        "bn.js": "^4.1.0",
        "miller-rabin": "^4.0.0",
        "randombytes": "^2.0.0"
      },
      "dependencies": {
        "bn.js": {
          "version": "4.12.0",
          "dev": true
        }
      }
    },
    "domain-browser": {
      "version": "1.2.0",
      "dev": true
    },
    "elliptic": {
      "version": "6.5.4",
      "dev": true,
      "requires": {
        "bn.js": "^4.11.9",
        "brorand": "^1.1.0",
        "hash.js": "^1.0.0",
        "hmac-drbg": "^1.0.1",
        "inherits": "^2.0.4",
        "minimalistic-assert": "^1.0.1",
        "minimalistic-crypto-utils": "^1.0.1"
      },
      "dependencies": {
        "bn.js": {
          "version": "4.12.0",
          "dev": true
        },
        "inherits": {
          "version": "2.0.4",
          "dev": true
        }
      }
    },
    "events": {
      "version": "3.3.0",
      "dev": true
    },
    "evp_bytestokey": {
      "version": "1.0.3",
      "dev": true,
      "requires": {
        "md5.js": "^1.3.4",
        "safe-buffer": "^5.1.1"
      }
    },
    "hash-base": {
      "version": "3.1.0",
      "dev": true,
      "requires": {
        "inherits": "^2.0.4",
        "readable-stream": "^3.6.0",
        "safe-buffer": "^5.2.0"
      },
      "dependencies": {
        "inherits": {
          "version": "2.0.4",
          "dev": true
        },
        "readable-stream": {
          "version": "3.6.1",
          "dev": true,
          "requires": {
            "inherits": "^2.0.3",
            "string_decoder": "^1.1.1",
            "util-deprecate": "^1.0.1"
          }
        }
      }
    },
    "hash.js": {
      "version": "1.1.7",
      "dev": true,
      "requires": {
        "inherits": "^2.0.3",
        "minimalistic-assert": "^1.0.1"
      },
      "dependencies": {
        "inherits": {
          "version": "2.0.4",
          "dev": true
        }
      }
    },
    "highlight.js": {
      "version": "10.7.3",
      "resolved": "https://registry.npmjs.org/highlight.js/-/highlight.js-10.7.3.tgz",
      "integrity": "sha512-tzcUFauisWKNHaRkN4Wjl/ZA07gENAjFl3J/c480dprkGTg5EQstgaNFqBfUqCq54kZRIEcreTsAgF/m2quD7A=="
    },
    "hmac-drbg": {
      "version": "1.0.1",
      "dev": true,
      "requires": {
        "hash.js": "^1.0.3",
        "minimalistic-assert": "^1.0.0",
        "minimalistic-crypto-utils": "^1.0.1"
      }
    },
    "https-browserify": {
      "version": "1.0.0",
      "dev": true
    },
    "ieee754": {
      "version": "1.2.1",
      "dev": true
    },
    "inherits": {
      "version": "2.0.1",
      "dev": true
    },
    "isarray": {
      "version": "1.0.0",
      "dev": true
    },
    "isexe": {
      "version": "2.0.0",
      "dev": true
    },
    "js-tokens": {
      "version": "4.0.0"
    },
    "loose-envify": {
      "version": "1.4.0",
      "requires": {
        "js-tokens": "^3.0.0 || ^4.0.0"
      }
    },
    "md5.js": {
      "version": "1.3.5",
      "dev": true,
      "requires": {
        "hash-base": "^3.0.0",
        "inherits": "^2.0.1",
        "safe-buffer": "^5.1.2"
      }
    },
    "miller-rabin": {
      "version": "4.0.1",
      "dev": true,
      "requires": {
        "bn.js": "^4.0.0",
        "brorand": "^1.0.1"
      },
      "dependencies": {
        "bn.js": {
          "version": "4.12.0",
          "dev": true
        }
      }
    },
    "minimalistic-assert": {
      "version": "1.0.1",
      "dev": true
    },
    "minimalistic-crypto-utils": {
      "version": "1.0.1",
      "dev": true
    },
    "node-libs-browser": {
      "version": "2.2.1",
      "dev": true,
      "requires": {
        "assert": "^1.1.1",
        "browserify-zlib": "^0.2.0",
        "buffer": "^4.3.0",
        "console-browserify": "^1.1.0",
        "constants-browserify": "^1.0.0",
        "crypto-browserify": "^3.11.0",
        "domain-browser": "^1.1.1",
        "events": "^3.0.0",
        "https-browserify": "^1.0.0",
        "os-browserify": "^0.3.0",
        "path-browserify": "0.0.1",
        "process": "^0.11.10",
        "punycode": "^1.2.4",
        "querystring-es3": "^0.2.0",
        "readable-stream": "^2.3.3",
        "stream-browserify": "^2.0.1",
        "stream-http": "^2.7.2",
        "string_decoder": "^1.0.0",
        "timers-browserify": "^2.0.4",
        "tty-browserify": "0.0.0",
        "url": "^0.11.0",
        "util": "^0.11.0",
        "vm-browserify": "^1.0.1"
      }
    },
    "object-assign": {
      "version": "4.1.1"
    },
    "os-browserify": {
      "version": "0.3.0",
      "dev": true
    },
    "pako": {
      "version": "1.0.11",
      "dev": true
    },
    "parse-asn1": {
      "version": "5.1.6",
      "dev": true,
      "requires": {
        "asn1.js": "^5.2.0",
        "browserify-aes": "^1.0.0",
        "evp_bytestokey": "^1.0.0",
        "pbkdf2": "^3.0.3",
        "safe-buffer": "^5.1.1"
      }
    },
    "path-browserify": {
      "version": "0.0.1",
      "dev": true
    },
    "pbkdf2": {
      "version": "3.1.2",
      "dev": true,
      "requires": {
        "create-hash": "^1.1.2",
        "create-hmac": "^1.1.4",
        "ripemd160": "^2.0.1",
        "safe-buffer": "^5.0.1",
        "sha.js": "^2.4.8"
      }
    },
    "process": {
      "version": "0.11.10",
      "dev": true
    },
    "process-nextick-args": {
      "version": "2.0.1",
      "dev": true
    },
    "public-encrypt": {
      "version": "4.0.3",
      "dev": true,
      "requires": {
        "bn.js": "^4.1.0",
        "browserify-rsa": "^4.0.0",
        "create-hash": "^1.1.0",
        "parse-asn1": "^5.0.0",
        "randombytes": "^2.0.1",
        "safe-buffer": "^5.1.2"
      },
      "dependencies": {
        "bn.js": {
          "version": "4.12.0",
          "dev": true
        }
      }
    },
    "punycode": {
      "version": "1.4.1",
      "dev": true
    },
    "querystring": {
      "version": "0.2.0",
      "dev": true
    },
    "querystring-es3": {
      "version": "0.2.1",
      "dev": true
    },
    "randombytes": {
      "version": "2.1.0",
      "dev": true,
      "requires": {
        "safe-buffer": "^5.1.0"
      }
    },
    "randomfill": {
      "version": "1.0.4",
      "dev": true,
      "requires": {
        "randombytes": "^2.0.5",
        "safe-buffer": "^5.1.0"
      }
    },
    "react": {
      "version": "18.2.0",
      "requires": {
        "loose-envify": "^1.1.0"
      }
    },
    "react-dom": {
      "version": "18.2.0",
      "requires": {
        "loose-envify": "^1.1.0",
        "scheduler": "^0.23.0"
      }
    },
    "react-highlight": {
      "version": "0.15.0",
      "resolved": "https://registry.npmjs.org/react-highlight/-/react-highlight-0.15.0.tgz",
      "integrity": "sha512-5uV/b/N4Z421GSVVe05fz+OfTsJtFzx/fJBdafZyw4LS70XjIZwgEx3Lrkfc01W/RzZ2Dtfb0DApoaJFAIKBtA==",
      "requires": {
        "highlight.js": "^10.5.0"
      }
    },
    "react-multi-select-component": {
      "version": "4.3.4",
      "resolved": "https://registry.npmjs.org/react-multi-select-component/-/react-multi-select-component-4.3.4.tgz",
      "integrity": "sha512-Ui/bzCbROF4WfKq3OKWyQJHmy/bd1mW7CQM+L83TfiltuVvHElhKEyPM3JzO9urIcWplBUKv+kyxqmEnd9jPcA==",
      "requires": {}
    },
    "readable-stream": {
      "version": "2.3.8",
      "dev": true,
      "requires": {
        "core-util-is": "~1.0.0",
        "inherits": "~2.0.3",
        "isarray": "~1.0.0",
        "process-nextick-args": "~2.0.0",
        "safe-buffer": "~5.1.1",
        "string_decoder": "~1.1.1",
        "util-deprecate": "~1.0.1"
      },
      "dependencies": {
        "inherits": {
          "version": "2.0.4",
          "dev": true
        },
        "safe-buffer": {
          "version": "5.1.2",
          "dev": true
        },
        "string_decoder": {
          "version": "1.1.1",
          "dev": true,
          "requires": {
            "safe-buffer": "~5.1.0"
          }
        }
      }
    },
    "readline-sync": {
      "version": "1.4.10",
      "dev": true
    },
    "ripemd160": {
      "version": "2.0.2",
      "dev": true,
      "requires": {
        "hash-base": "^3.0.0",
        "inherits": "^2.0.1"
      }
    },
    "safe-buffer": {
      "version": "5.2.1",
      "dev": true
    },
    "safer-buffer": {
      "version": "2.1.2",
      "dev": true
    },
    "scheduler": {
      "version": "0.23.0",
      "requires": {
        "loose-envify": "^1.1.0"
      }
    },
    "setimmediate": {
      "version": "1.0.5",
      "dev": true
    },
    "sha.js": {
      "version": "2.4.11",
      "dev": true,
      "requires": {
        "inherits": "^2.0.1",
        "safe-buffer": "^5.0.1"
      }
    },
    "shadow-cljs": {
      "version": "2.21.0",
      "dev": true,
      "requires": {
        "node-libs-browser": "^2.2.1",
        "readline-sync": "^1.4.7",
        "shadow-cljs-jar": "1.3.4",
        "source-map-support": "^0.4.15",
        "which": "^1.3.1",
        "ws": "^7.4.6"
      }
    },
    "shadow-cljs-jar": {
      "version": "1.3.4",
      "dev": true
    },
    "source-map": {
      "version": "0.5.7",
      "dev": true
    },
    "source-map-support": {
      "version": "0.4.18",
      "dev": true,
      "requires": {
        "source-map": "^0.5.6"
      }
    },
    "stream-browserify": {
      "version": "2.0.2",
      "dev": true,
      "requires": {
        "inherits": "~2.0.1",
        "readable-stream": "^2.0.2"
      }
    },
    "stream-http": {
      "version": "2.8.3",
      "dev": true,
      "requires": {
        "builtin-status-codes": "^3.0.0",
        "inherits": "^2.0.1",
        "readable-stream": "^2.3.6",
        "to-arraybuffer": "^1.0.0",
        "xtend": "^4.0.0"
      }
    },
    "string_decoder": {
      "version": "1.3.0",
      "dev": true,
      "requires": {
        "safe-buffer": "~5.2.0"
      }
    },
    "timers-browserify": {
      "version": "2.0.12",
      "dev": true,
      "requires": {
        "setimmediate": "^1.0.4"
      }
    },
    "to-arraybuffer": {
      "version": "1.0.1",
      "dev": true
    },
    "tty-browserify": {
      "version": "0.0.0",
      "dev": true
    },
    "url": {
      "version": "0.11.0",
      "dev": true,
      "requires": {
        "punycode": "1.3.2",
        "querystring": "0.2.0"
      },
      "dependencies": {
        "punycode": {
          "version": "1.3.2",
          "dev": true
        }
      }
    },
    "util": {
      "version": "0.11.1",
      "dev": true,
      "requires": {
        "inherits": "2.0.3"
      },
      "dependencies": {
        "inherits": {
          "version": "2.0.3",
          "dev": true
        }
      }
    },
    "util-deprecate": {
      "version": "1.0.2",
      "dev": true
    },
    "vm-browserify": {
      "version": "1.1.2",
      "dev": true
    },
    "which": {
      "version": "1.3.1",
      "dev": true,
      "requires": {
        "isexe": "^2.0.0"
      }
    },
    "ws": {
      "version": "7.5.9",
      "dev": true,
      "requires": {}
    },
    "xtend": {
      "version": "4.0.2",
      "dev": true
    }
  }
}
